
Microsoft Visual Studio Solution File, Format Version 12.00
# Visual Studio Version 16
VisualStudioVersion = 16.0.30413.136
MinimumVisualStudioVersion = 10.0.40219.1
Project("{FAE04EC0-301F-11D3-BF4B-00C04F79EFBC}") = "MVCPregunta2", "MVCPregunta2\MVCPregunta2.csproj", "{9418D0F1-1455-4B09-B13D-09CA189F9C15}"
EndProject
Global
	GlobalSection(SolutionConfigurationPlatforms) = preSolution
		Debug|Any CPU = Debug|Any CPU
		Release|Any CPU = Release|Any CPU
	EndGlobalSection
	GlobalSection(ProjectConfigurationPlatforms) = postSolution
		{9418D0F1-1455-4B09-B13D-09CA189F9C15}.Debug|Any CPU.ActiveCfg = Debug|Any CPU
		{9418D0F1-1455-4B09-B13D-09CA189F9C15}.Debug|Any CPU.Build.0 = Debug|Any CPU
		{9418D0F1-1455-4B09-B13D-09CA189F9C15}.Release|Any CPU.ActiveCfg = Release|Any CPU
		{9418D0F1-1455-4B09-B13D-09CA189F9C15}.Release|Any CPU.Build.0 = Release|Any CPU
	EndGlobalSection
	GlobalSection(SolutionProperties) = preSolution
		HideSolutionNode = FALSE
	EndGlobalSection
	GlobalSection(ExtensibilityGlobals) = postSolution
		SolutionGuid = {89EE38D6-0638-439B-A440-55C3517773C5}
	EndGlobalSection
EndGlobal
